dependencies:
- name: argo-rollouts
  repository: https://argoproj.github.io/argo-helm
  version: 2.43.1
- name: finflow-infra
  repository: file://../finflow-infra
  version: 1.1.0
digest: sha256:db26bba7c6aad8c150489ec239418db6d4a0813994b1a61ff2eafe5f20d330a3
generated: "2026-09-16T12:56:34.498740223-03:00"
