dependencies:
- name: argo-rollouts
  repository: https://argoproj.github.io/argo-helm
  version: 2.41.0
- name: finflow-infra
  repository: oci://ghcr.io/josiastomasnanez
  version: 1.0.4
digest: sha256:b62c7cdf9e2058afaca99b323b6abac79dbaa67a09837be49c5c936eee00425a
generated: "2026-06-29T00:00:49.324284237-03:00"
